{
  "requires": true,
  "lockfileVersion": 1,
  "dependencies": {
    "jsbayes": {
      "version": "0.0.6",
      "resolved": "https://registry.npmjs.org/jsbayes/-/jsbayes-0.0.6.tgz",
      "integrity": "sha512-j68htSSkl5e6dW8zwFOo9siE9ys19/GTrnjF9cv28R+fu1GjU5Lqj4VN8YtNg7vytX8kzKRbniyyQC2P6Bue+A=="
    }
  }
}
